
Microsoft Visual Studio Solution File, Format Version 12.00
# Visual Studio 15
VisualStudioVersion = 15.0.28307.271
MinimumVisualStudioVersion = 10.0.40219.1
Project("{888888A0-9F3D-457C-B088-3A5042F75D52}") = "cs4111-proj1", "cs4111-proj1.pyproj", "{127044C5-4930-49AD-825C-9E31D0332238}"
EndProject
Global
	GlobalSection(SolutionConfigurationPlatforms) = preSolution
		Debug|Any CPU = Debug|Any CPU
		Release|Any CPU = Release|Any CPU
	EndGlobalSection
	GlobalSection(ProjectConfigurationPlatforms) = postSolution
		{127044C5-4930-49AD-825C-9E31D0332238}.Debug|Any CPU.ActiveCfg = Debug|Any CPU
		{127044C5-4930-49AD-825C-9E31D0332238}.Release|Any CPU.ActiveCfg = Release|Any CPU
	EndGlobalSection
	GlobalSection(SolutionProperties) = preSolution
		HideSolutionNode = FALSE
	EndGlobalSection
	GlobalSection(ExtensibilityGlobals) = postSolution
		SolutionGuid = {C38B7B8A-B75B-49DC-BADC-4AC4F5C48EF6}
	EndGlobalSection
EndGlobal
